
Microsoft Visual Studio Solution File, Format Version 12.00
# Visual Studio 14
VisualStudioVersion = 14.0.25420.1
MinimumVisualStudioVersion = 10.0.40219.1
Project("{FAE04EC0-301F-11D3-BF4B-00C04F79EFBC}") = "FullCalendarMvc", "FullCalendar_MVC\FullCalendarMvc.csproj", "{92243BC7-778E-419C-BA07-64D4ED29DBA0}"
EndProject
Project("{FAE04EC0-301F-11D3-BF4B-00C04F79EFBC}") = "FullCalenderMvc.Database", "FullCalenderMvc.Database\FullCalenderMvc.Database.csproj", "{3BE3D5C3-3228-4005-9B30-2AFA07E6D627}"
EndProject
Global
	GlobalSection(SolutionConfigurationPlatforms) = preSolution
		Debug|Any CPU = Debug|Any CPU
		Release|Any CPU = Release|Any CPU
	EndGlobalSection
	GlobalSection(ProjectConfigurationPlatforms) = postSolution
		{92243BC7-778E-419C-BA07-64D4ED29DBA0}.Debug|Any CPU.ActiveCfg = Debug|Any CPU
		{92243BC7-778E-419C-BA07-64D4ED29DBA0}.Debug|Any CPU.Build.0 = Debug|Any CPU
		{92243BC7-778E-419C-BA07-64D4ED29DBA0}.Release|Any CPU.ActiveCfg = Release|Any CPU
		{92243BC7-778E-419C-BA07-64D4ED29DBA0}.Release|Any CPU.Build.0 = Release|Any CPU
		{3BE3D5C3-3228-4005-9B30-2AFA07E6D627}.Debug|Any CPU.ActiveCfg = Debug|Any CPU
		{3BE3D5C3-3228-4005-9B30-2AFA07E6D627}.Debug|Any CPU.Build.0 = Debug|Any CPU
		{3BE3D5C3-3228-4005-9B30-2AFA07E6D627}.Release|Any CPU.ActiveCfg = Release|Any CPU
		{3BE3D5C3-3228-4005-9B30-2AFA07E6D627}.Release|Any CPU.Build.0 = Release|Any CPU
	EndGlobalSection
	GlobalSection(SolutionProperties) = preSolution
		HideSolutionNode = FALSE
	EndGlobalSection
EndGlobal
